
Microsoft Visual Studio Solution File, Format Version 12.00
# Visual Studio Version 17
VisualStudioVersion = 17.0.31903.59
MinimumVisualStudioVersion = 10.0.40219.1
Project("{FAE04EC0-301F-11D3-BF4B-00C04F79EFBC}") = "Text", "Text\Text.csproj", "{6D747B09-08C6-4D13-A3E8-0A20F1801174}"
EndProject
Project("{FAE04EC0-301F-11D3-BF4B-00C04F79EFBC}") = "Text.Tests", "Text.Tests\Text.Tests.csproj", "{1E3C1A8B-4772-4F0C-9D1D-B3DDA69E24E0}"
EndProject
Global
	GlobalSection(SolutionConfigurationPlatforms) = preSolution
		Debug|Any CPU = Debug|Any CPU
		Release|Any CPU = Release|Any CPU
	EndGlobalSection
	GlobalSection(SolutionProperties) = preSolution
		HideSolutionNode = FALSE
	EndGlobalSection
	GlobalSection(ProjectConfigurationPlatforms) = postSolution
		{6D747B09-08C6-4D13-A3E8-0A20F1801174}.Debug|Any CPU.ActiveCfg = Debug|Any CPU
		{6D747B09-08C6-4D13-A3E8-0A20F1801174}.Debug|Any CPU.Build.0 = Debug|Any CPU
		{6D747B09-08C6-4D13-A3E8-0A20F1801174}.Release|Any CPU.ActiveCfg = Release|Any CPU
		{6D747B09-08C6-4D13-A3E8-0A20F1801174}.Release|Any CPU.Build.0 = Release|Any CPU
		{1E3C1A8B-4772-4F0C-9D1D-B3DDA69E24E0}.Debug|Any CPU.ActiveCfg = Debug|Any CPU
		{1E3C1A8B-4772-4F0C-9D1D-B3DDA69E24E0}.Debug|Any CPU.Build.0 = Debug|Any CPU
		{1E3C1A8B-4772-4F0C-9D1D-B3DDA69E24E0}.Release|Any CPU.ActiveCfg = Release|Any CPU
		{1E3C1A8B-4772-4F0C-9D1D-B3DDA69E24E0}.Release|Any CPU.Build.0 = Release|Any CPU
	EndGlobalSection
EndGlobal
