
Microsoft Visual Studio Solution File, Format Version 12.00
# Visual Studio Version 17
VisualStudioVersion = 17.0.31903.59
MinimumVisualStudioVersion = 10.0.40219.1
Project("{FAE04EC0-301F-11D3-BF4B-00C04F79EFBC}") = "Text", "Text\Text.csproj", "{61DB97D3-7A48-49B2-8AAF-B973D8BB3794}"
EndProject
Project("{FAE04EC0-301F-11D3-BF4B-00C04F79EFBC}") = "Text.Tests", "Text.Tests\Text.Tests.csproj", "{84C9309F-7764-49DF-9BA3-571AFD6CB4AD}"
EndProject
Global
	GlobalSection(SolutionConfigurationPlatforms) = preSolution
		Debug|Any CPU = Debug|Any CPU
		Release|Any CPU = Release|Any CPU
	EndGlobalSection
	GlobalSection(SolutionProperties) = preSolution
		HideSolutionNode = FALSE
	EndGlobalSection
	GlobalSection(ProjectConfigurationPlatforms) = postSolution
		{61DB97D3-7A48-49B2-8AAF-B973D8BB3794}.Debug|Any CPU.ActiveCfg = Debug|Any CPU
		{61DB97D3-7A48-49B2-8AAF-B973D8BB3794}.Debug|Any CPU.Build.0 = Debug|Any CPU
		{61DB97D3-7A48-49B2-8AAF-B973D8BB3794}.Release|Any CPU.ActiveCfg = Release|Any CPU
		{61DB97D3-7A48-49B2-8AAF-B973D8BB3794}.Release|Any CPU.Build.0 = Release|Any CPU
		{84C9309F-7764-49DF-9BA3-571AFD6CB4AD}.Debug|Any CPU.ActiveCfg = Debug|Any CPU
		{84C9309F-7764-49DF-9BA3-571AFD6CB4AD}.Debug|Any CPU.Build.0 = Debug|Any CPU
		{84C9309F-7764-49DF-9BA3-571AFD6CB4AD}.Release|Any CPU.ActiveCfg = Release|Any CPU
		{84C9309F-7764-49DF-9BA3-571AFD6CB4AD}.Release|Any CPU.Build.0 = Release|Any CPU
	EndGlobalSection
EndGlobal
